
Microsoft Visual Studio Solution File, Format Version 12.00
# Visual Studio Version 16
VisualStudioVersion = 16.0.31129.286
MinimumVisualStudioVersion = 10.0.40219.1
Project("{FAE04EC0-301F-11D3-BF4B-00C04F79EFBC}") = "PCPerformanceTester", "PCPerformanceTester\PCPerformanceTester.csproj", "{4D2CB2B9-43B9-44C7-ACAE-180E65A0ABC6}"
EndProject
Project("{FAE04EC0-301F-11D3-BF4B-00C04F79EFBC}") = "CoeffsFinder", "CoeffsFinder\CoeffsFinder.csproj", "{48C16649-7182-4F4B-BCA9-5F5479BDDCD4}"
EndProject
Global
	GlobalSection(SolutionConfigurationPlatforms) = preSolution
		Debug|Any CPU = Debug|Any CPU
		Release|Any CPU = Release|Any CPU
	EndGlobalSection
	GlobalSection(ProjectConfigurationPlatforms) = postSolution
		{4D2CB2B9-43B9-44C7-ACAE-180E65A0ABC6}.Debug|Any CPU.ActiveCfg = Debug|Any CPU
		{4D2CB2B9-43B9-44C7-ACAE-180E65A0ABC6}.Debug|Any CPU.Build.0 = Debug|Any CPU
		{4D2CB2B9-43B9-44C7-ACAE-180E65A0ABC6}.Release|Any CPU.ActiveCfg = Release|Any CPU
		{4D2CB2B9-43B9-44C7-ACAE-180E65A0ABC6}.Release|Any CPU.Build.0 = Release|Any CPU
		{48C16649-7182-4F4B-BCA9-5F5479BDDCD4}.Debug|Any CPU.ActiveCfg = Debug|Any CPU
		{48C16649-7182-4F4B-BCA9-5F5479BDDCD4}.Debug|Any CPU.Build.0 = Debug|Any CPU
		{48C16649-7182-4F4B-BCA9-5F5479BDDCD4}.Release|Any CPU.ActiveCfg = Release|Any CPU
		{48C16649-7182-4F4B-BCA9-5F5479BDDCD4}.Release|Any CPU.Build.0 = Release|Any CPU
	EndGlobalSection
	GlobalSection(SolutionProperties) = preSolution
		HideSolutionNode = FALSE
	EndGlobalSection
	GlobalSection(ExtensibilityGlobals) = postSolution
		SolutionGuid = {18CB3BE8-5E53-4479-B834-4691B3ED05F5}
	EndGlobalSection
EndGlobal
